
Microsoft Visual Studio Solution File, Format Version 12.00
# Visual Studio Version 16
VisualStudioVersion = 16.0.30002.166
MinimumVisualStudioVersion = 15.0.26124.0
Project("{9A19103F-16F7-4668-BE54-9A1E7A4F7556}") = "AuthTutorial.IdentityServer", "AuthTutorial.IdentityServer\AuthTutorial.IdentityServer.csproj", "{469D174F-1819-4369-A1B0-6AD3246F0310}"
EndProject
Project("{FAE04EC0-301F-11D3-BF4B-00C04F79EFBC}") = "AuthTutorial.Web", "AuthTutorial.Web\AuthTutorial.Web.csproj", "{94EEECE8-92F5-4675-B716-31E7C70E8DD3}"
EndProject
Project("{FAE04EC0-301F-11D3-BF4B-00C04F79EFBC}") = "AuthTutorial.Api", "AuthTutorial.Api\AuthTutorial.Api.csproj", "{29E4B681-A70B-46B7-B62E-03E6DF00EF04}"
EndProject
Global
	GlobalSection(SolutionConfigurationPlatforms) = preSolution
		Debug|Any CPU = Debug|Any CPU
		Debug|x64 = Debug|x64
		Debug|x86 = Debug|x86
		Release|Any CPU = Release|Any CPU
		Release|x64 = Release|x64
		Release|x86 = Release|x86
	EndGlobalSection
	GlobalSection(ProjectConfigurationPlatforms) = postSolution
		{469D174F-1819-4369-A1B0-6AD3246F0310}.Debug|Any CPU.ActiveCfg = Debug|Any CPU
		{469D174F-1819-4369-A1B0-6AD3246F0310}.Debug|Any CPU.Build.0 = Debug|Any CPU
		{469D174F-1819-4369-A1B0-6AD3246F0310}.Debug|x64.ActiveCfg = Debug|Any CPU
		{469D174F-1819-4369-A1B0-6AD3246F0310}.Debug|x64.Build.0 = Debug|Any CPU
		{469D174F-1819-4369-A1B0-6AD3246F0310}.Debug|x86.ActiveCfg = Debug|Any CPU
		{469D174F-1819-4369-A1B0-6AD3246F0310}.Debug|x86.Build.0 = Debug|Any CPU
		{469D174F-1819-4369-A1B0-6AD3246F0310}.Release|Any CPU.ActiveCfg = Release|Any CPU
		{469D174F-1819-4369-A1B0-6AD3246F0310}.Release|Any CPU.Build.0 = Release|Any CPU
		{469D174F-1819-4369-A1B0-6AD3246F0310}.Release|x64.ActiveCfg = Release|Any CPU
		{469D174F-1819-4369-A1B0-6AD3246F0310}.Release|x64.Build.0 = Release|Any CPU
		{469D174F-1819-4369-A1B0-6AD3246F0310}.Release|x86.ActiveCfg = Release|Any CPU
		{469D174F-1819-4369-A1B0-6AD3246F0310}.Release|x86.Build.0 = Release|Any CPU
		{94EEECE8-92F5-4675-B716-31E7C70E8DD3}.Debug|Any CPU.ActiveCfg = Debug|Any CPU
		{94EEECE8-92F5-4675-B716-31E7C70E8DD3}.Debug|Any CPU.Build.0 = Debug|Any CPU
		{94EEECE8-92F5-4675-B716-31E7C70E8DD3}.Debug|x64.ActiveCfg = Debug|Any CPU
		{94EEECE8-92F5-4675-B716-31E7C70E8DD3}.Debug|x64.Build.0 = Debug|Any CPU
		{94EEECE8-92F5-4675-B716-31E7C70E8DD3}.Debug|x86.ActiveCfg = Debug|Any CPU
		{94EEECE8-92F5-4675-B716-31E7C70E8DD3}.Debug|x86.Build.0 = Debug|Any CPU
		{94EEECE8-92F5-4675-B716-31E7C70E8DD3}.Release|Any CPU.ActiveCfg = Release|Any CPU
		{94EEECE8-92F5-4675-B716-31E7C70E8DD3}.Release|Any CPU.Build.0 = Release|Any CPU
		{94EEECE8-92F5-4675-B716-31E7C70E8DD3}.Release|x64.ActiveCfg = Release|Any CPU
		{94EEECE8-92F5-4675-B716-31E7C70E8DD3}.Release|x64.Build.0 = Release|Any CPU
		{94EEECE8-92F5-4675-B716-31E7C70E8DD3}.Release|x86.ActiveCfg = Release|Any CPU
		{94EEECE8-92F5-4675-B716-31E7C70E8DD3}.Release|x86.Build.0 = Release|Any CPU
		{29E4B681-A70B-46B7-B62E-03E6DF00EF04}.Debug|Any CPU.ActiveCfg = Debug|Any CPU
		{29E4B681-A70B-46B7-B62E-03E6DF00EF04}.Debug|Any CPU.Build.0 = Debug|Any CPU
		{29E4B681-A70B-46B7-B62E-03E6DF00EF04}.Debug|x64.ActiveCfg = Debug|Any CPU
		{29E4B681-A70B-46B7-B62E-03E6DF00EF04}.Debug|x64.Build.0 = Debug|Any CPU
		{29E4B681-A70B-46B7-B62E-03E6DF00EF04}.Debug|x86.ActiveCfg = Debug|Any CPU
		{29E4B681-A70B-46B7-B62E-03E6DF00EF04}.Debug|x86.Build.0 = Debug|Any CPU
		{29E4B681-A70B-46B7-B62E-03E6DF00EF04}.Release|Any CPU.ActiveCfg = Release|Any CPU
		{29E4B681-A70B-46B7-B62E-03E6DF00EF04}.Release|Any CPU.Build.0 = Release|Any CPU
		{29E4B681-A70B-46B7-B62E-03E6DF00EF04}.Release|x64.ActiveCfg = Release|Any CPU
		{29E4B681-A70B-46B7-B62E-03E6DF00EF04}.Release|x64.Build.0 = Release|Any CPU
		{29E4B681-A70B-46B7-B62E-03E6DF00EF04}.Release|x86.ActiveCfg = Release|Any CPU
		{29E4B681-A70B-46B7-B62E-03E6DF00EF04}.Release|x86.Build.0 = Release|Any CPU
	EndGlobalSection
	GlobalSection(SolutionProperties) = preSolution
		HideSolutionNode = FALSE
	EndGlobalSection
	GlobalSection(ExtensibilityGlobals) = postSolution
		SolutionGuid = {A74AC3C7-CFDF-47E1-8038-F4DA2098DF77}
	EndGlobalSection
EndGlobal
